
Microsoft Visual Studio Solution File, Format Version 12.00
# Visual Studio Version 17
VisualStudioVersion = 17.0.31903.59
MinimumVisualStudioVersion = 10.0.40219.1
Project("{FAE04EC0-301F-11D3-BF4B-00C04F79EFBC}") = "Interface01", "Interface01\Interface01.csproj", "{22FD5E60-7494-46AE-84CB-777B2117B478}"
EndProject
Project("{FAE04EC0-301F-11D3-BF4B-00C04F79EFBC}") = "Exercicio01", "Exercicio01\Exercicio01.csproj", "{C0A5910D-4CB2-426D-9353-CFD3AF6E0963}"
EndProject
Global
	GlobalSection(SolutionConfigurationPlatforms) = preSolution
		Debug|Any CPU = Debug|Any CPU
		Release|Any CPU = Release|Any CPU
	EndGlobalSection
	GlobalSection(SolutionProperties) = preSolution
		HideSolutionNode = FALSE
	EndGlobalSection
	GlobalSection(ProjectConfigurationPlatforms) = postSolution
		{22FD5E60-7494-46AE-84CB-777B2117B478}.Debug|Any CPU.ActiveCfg = Debug|Any CPU
		{22FD5E60-7494-46AE-84CB-777B2117B478}.Debug|Any CPU.Build.0 = Debug|Any CPU
		{22FD5E60-7494-46AE-84CB-777B2117B478}.Release|Any CPU.ActiveCfg = Release|Any CPU
		{22FD5E60-7494-46AE-84CB-777B2117B478}.Release|Any CPU.Build.0 = Release|Any CPU
		{C0A5910D-4CB2-426D-9353-CFD3AF6E0963}.Debug|Any CPU.ActiveCfg = Debug|Any CPU
		{C0A5910D-4CB2-426D-9353-CFD3AF6E0963}.Debug|Any CPU.Build.0 = Debug|Any CPU
		{C0A5910D-4CB2-426D-9353-CFD3AF6E0963}.Release|Any CPU.ActiveCfg = Release|Any CPU
		{C0A5910D-4CB2-426D-9353-CFD3AF6E0963}.Release|Any CPU.Build.0 = Release|Any CPU
	EndGlobalSection
EndGlobal
